// !$*UTF8*$!
{
	archiveVersion = 1;
	classes = {
	};
	objectVersion = 48;
	objects = {

/* Begin PBXBuildFile section */
		9F1C70391F9FB32A006DFEC7 /* BeerList.swift in Sources */ = {isa = PBXBuildFile; fileRef = 9F1C70381F9FB32A006DFEC7 /* BeerList.swift */; };
		9F1C703B1FA07622006DFEC7 /* BeerProfile.swift in Sources */ = {isa = PBXBuildFile; fileRef = 9F1C703A1FA07622006DFEC7 /* BeerProfile.swift */; };
		9F292F521F9F0FB400AAFC8C /* Models.swift in Sources */ = {isa = PBXBuildFile; fileRef = 9F292F511F9F0FB400AAFC8C /* Models.swift */; };
		9F292F541F9F105A00AAFC8C /* BreweryViewController.swift in Sources */ = {isa = PBXBuildFile; fileRef = 9F292F531F9F105A00AAFC8C /* BreweryViewController.swift */; };
		9F2D670B1F9DC8680049A097 /* StyleDetailViewController.swift in Sources */ = {isa = PBXBuildFile; fileRef = 9F2D670A1F9DC8680049A097 /* StyleDetailViewController.swift */; };
		9F2D670D1F9E1DB00049A097 /* BreweriesViewController.swift in Sources */ = {isa = PBXBuildFile; fileRef = 9F2D670C1F9E1DB00049A097 /* BreweriesViewController.swift */; };
		9F3BCB611F9F925400125D76 /* LocationSearchTable.swift in Sources */ = {isa = PBXBuildFile; fileRef = 9F3BCB601F9F925400125D76 /* LocationSearchTable.swift */; };
		9FC596A41F9CE7130001BAA5 /* AppDelegate.swift in Sources */ = {isa = PBXBuildFile; fileRef = 9FC596A31F9CE7130001BAA5 /* AppDelegate.swift */; };
		9FC596A61F9CE7130001BAA5 /* StylesViewController.swift in Sources */ = {isa = PBXBuildFile; fileRef = 9FC596A51F9CE7130001BAA5 /* StylesViewController.swift */; };
		9FC596A91F9CE7130001BAA5 /* Main.storyboard in Resources */ = {isa = PBXBuildFile; fileRef = 9FC596A71F9CE7130001BAA5 /* Main.storyboard */; };
		9FC596AB1F9CE7130001BAA5 /* Assets.xcassets in Resources */ = {isa = PBXBuildFile; fileRef = 9FC596AA1F9CE7130001BAA5 /* Assets.xcassets */; };
		9FC596AE1F9CE7130001BAA5 /* LaunchScreen.storyboard in Resources */ = {isa = PBXBuildFile; fileRef = 9FC596AC1F9CE7130001BAA5 /* LaunchScreen.storyboard */; };
		9FC596B61F9D08E00001BAA5 /* StyleCell.swift in Sources */ = {isa = PBXBuildFile; fileRef = 9FC596B51F9D08E00001BAA5 /* StyleCell.swift */; };
		9FC596B81F9D0D020001BAA5 /* Utilities.swift in Sources */ = {isa = PBXBuildFile; fileRef = 9FC596B71F9D0D020001BAA5 /* Utilities.swift */; };
		ACC525ED32DC9E801E32DC59 /* Pods_TheBeerApp.framework in Frameworks */ = {isa = PBXBuildFile; fileRef = 270142FFB75EAAC8FFE197A9 /* Pods_TheBeerApp.framework */; };
/* End PBXBuildFile section */

/* Begin PBXFileReference section */
		166575D04F8637BF00861A02 /* Pods-TheBeerApp.release.xcconfig */ = {isa = PBXFileReference; includeInIndex = 1; lastKnownFileType = text.xcconfig; name = "Pods-TheBeerApp.release.xcconfig"; path = "Pods/Target Support Files/Pods-TheBeerApp/Pods-TheBeerApp.release.xcconfig"; sourceTree = "<group>"; };
		270142FFB75EAAC8FFE197A9 /* Pods_TheBeerApp.framework */ = {isa = PBXFileReference; explicitFileType = wrapper.framework; includeInIndex = 0; path = Pods_TheBeerApp.framework; sourceTree = BUILT_PRODUCTS_DIR; };
		9F1C70381F9FB32A006DFEC7 /* BeerList.swift */ = {isa = PBXFileReference; lastKnownFileType = sourcecode.swift; path = BeerList.swift; sourceTree = "<group>"; };
		9F1C703A1FA07622006DFEC7 /* BeerProfile.swift */ = {isa = PBXFileReference; lastKnownFileType = sourcecode.swift; path = BeerProfile.swift; sourceTree = "<group>"; };
		9F292F511F9F0FB400AAFC8C /* Models.swift */ = {isa = PBXFileReference; lastKnownFileType = sourcecode.swift; path = Models.swift; sourceTree = "<group>"; };
		9F292F531F9F105A00AAFC8C /* BreweryViewController.swift */ = {isa = PBXFileReference; lastKnownFileType = sourcecode.swift; path = BreweryViewController.swift; sourceTree = "<group>"; };
		9F2D670A1F9DC8680049A097 /* StyleDetailViewController.swift */ = {isa = PBXFileReference; lastKnownFileType = sourcecode.swift; path = StyleDetailViewController.swift; sourceTree = "<group>"; };
		9F2D670C1F9E1DB00049A097 /* BreweriesViewController.swift */ = {isa = PBXFileReference; lastKnownFileType = sourcecode.swift; path = BreweriesViewController.swift; sourceTree = "<group>"; };
		9F3BCB601F9F925400125D76 /* LocationSearchTable.swift */ = {isa = PBXFileReference; lastKnownFileType = sourcecode.swift; path = LocationSearchTable.swift; sourceTree = "<group>"; };
		9FC596A01F9CE7130001BAA5 /* TheBeerApp.app */ = {isa = PBXFileReference; explicitFileType = wrapper.application; includeInIndex = 0; path = TheBeerApp.app; sourceTree = BUILT_PRODUCTS_DIR; };
		9FC596A31F9CE7130001BAA5 /* AppDelegate.swift */ = {isa = PBXFileReference; lastKnownFileType = sourcecode.swift; path = AppDelegate.swift; sourceTree = "<group>"; };
		9FC596A51F9CE7130001BAA5 /* StylesViewController.swift */ = {isa = PBXFileReference; lastKnownFileType = sourcecode.swift; path = StylesViewController.swift; sourceTree = "<group>"; };
		9FC596A81F9CE7130001BAA5 /* Base */ = {isa = PBXFileReference; lastKnownFileType = file.storyboard; name = Base; path = Base.lproj/Main.storyboard; sourceTree = "<group>"; };
		9FC596AA1F9CE7130001BAA5 /* Assets.xcassets */ = {isa = PBXFileReference; lastKnownFileType = folder.assetcatalog; path = Assets.xcassets; sourceTree = "<group>"; };
		9FC596AD1F9CE7130001BAA5 /* Base */ = {isa = PBXFileReference; lastKnownFileType = file.storyboard; name = Base; path = Base.lproj/LaunchScreen.storyboard; sourceTree = "<group>"; };
		9FC596AF1F9CE7130001BAA5 /* Info.plist */ = {isa = PBXFileReference; lastKnownFileType = text.plist.xml; path = Info.plist; sourceTree = "<group>"; };
		9FC596B51F9D08E00001BAA5 /* StyleCell.swift */ = {isa = PBXFileReference; lastKnownFileType = sourcecode.swift; path = StyleCell.swift; sourceTree = "<group>"; };
		9FC596B71F9D0D020001BAA5 /* Utilities.swift */ = {isa = PBXFileReference; lastKnownFileType = sourcecode.swift; path = Utilities.swift; sourceTree = "<group>"; };
		A5E3332FE8497CFADF638505 /* Pods-TheBeerApp.debug.xcconfig */ = {isa = PBXFileReference; includeInIndex = 1; lastKnownFileType = text.xcconfig; name = "Pods-TheBeerApp.debug.xcconfig"; path = "Pods/Target Support Files/Pods-TheBeerApp/Pods-TheBeerApp.debug.xcconfig"; sourceTree = "<group>"; };
/* End PBXFileReference section */

/* Begin PBXFrameworksBuildPhase section */
		9FC5969D1F9CE7130001BAA5 /* Frameworks */ = {
			isa = PBXFrameworksBuildPhase;
			buildActionMask = 2147483647;
			files = (
				ACC525ED32DC9E801E32DC59 /* Pods_TheBeerApp.framework in Frameworks */,
			);
			runOnlyForDeploymentPostprocessing = 0;
		};
/* End PBXFrameworksBuildPhase section */

/* Begin PBXGroup section */
		0F53F19FEEFC3A858E0F63AC /* Pods */ = {
			isa = PBXGroup;
			children = (
				A5E3332FE8497CFADF638505 /* Pods-TheBeerApp.debug.xcconfig */,
				166575D04F8637BF00861A02 /* Pods-TheBeerApp.release.xcconfig */,
			);
			name = Pods;
			sourceTree = "<group>";
		};
		4885748DEE579B5BC995E50B /* Frameworks */ = {
			isa = PBXGroup;
			children = (
				270142FFB75EAAC8FFE197A9 /* Pods_TheBeerApp.framework */,
			);
			name = Frameworks;
			sourceTree = "<group>";
		};
		9F1C703C1FA07E44006DFEC7 /* Model */ = {
			isa = PBXGroup;
			children = (
				9F292F511F9F0FB400AAFC8C /* Models.swift */,
				9FC596B71F9D0D020001BAA5 /* Utilities.swift */,
			);
			path = Model;
			sourceTree = "<group>";
		};
		9F1C703D1FA07E4D006DFEC7 /* Cells */ = {
			isa = PBXGroup;
			children = (
				9FC596B51F9D08E00001BAA5 /* StyleCell.swift */,
			);
			path = Cells;
			sourceTree = "<group>";
		};
		9F1C703E1FA07E5C006DFEC7 /* Breweries */ = {
			isa = PBXGroup;
			children = (
				9F3BCB601F9F925400125D76 /* LocationSearchTable.swift */,
				9F2D670C1F9E1DB00049A097 /* BreweriesViewController.swift */,
				9F292F531F9F105A00AAFC8C /* BreweryViewController.swift */,
			);
			path = Breweries;
			sourceTree = "<group>";
		};
		9F1C703F1FA07E64006DFEC7 /* Beers */ = {
			isa = PBXGroup;
			children = (
				9F1C70381F9FB32A006DFEC7 /* BeerList.swift */,
				9F1C703A1FA07622006DFEC7 /* BeerProfile.swift */,
			);
			path = Beers;
			sourceTree = "<group>";
		};
		9F1C70401FA07E70006DFEC7 /* Styles */ = {
			isa = PBXGroup;
			children = (
				9FC596A51F9CE7130001BAA5 /* StylesViewController.swift */,
				9F2D670A1F9DC8680049A097 /* StyleDetailViewController.swift */,
			);
			path = Styles;
			sourceTree = "<group>";
		};
		9FC596971F9CE7130001BAA5 = {
			isa = PBXGroup;
			children = (
				9FC596A21F9CE7130001BAA5 /* TheBeerApp */,
				9FC596A11F9CE7130001BAA5 /* Products */,
				0F53F19FEEFC3A858E0F63AC /* Pods */,
				4885748DEE579B5BC995E50B /* Frameworks */,
			);
			sourceTree = "<group>";
		};
		9FC596A11F9CE7130001BAA5 /* Products */ = {
			isa = PBXGroup;
			children = (
				9FC596A01F9CE7130001BAA5 /* TheBeerApp.app */,
			);
			name = Products;
			sourceTree = "<group>";
		};
		9FC596A21F9CE7130001BAA5 /* TheBeerApp */ = {
			isa = PBXGroup;
			children = (
				9FC596A31F9CE7130001BAA5 /* AppDelegate.swift */,
				9FC596A71F9CE7130001BAA5 /* Main.storyboard */,
				9F1C70401FA07E70006DFEC7 /* Styles */,
				9F1C703F1FA07E64006DFEC7 /* Beers */,
				9F1C703E1FA07E5C006DFEC7 /* Breweries */,
				9F1C703D1FA07E4D006DFEC7 /* Cells */,
				9F1C703C1FA07E44006DFEC7 /* Model */,
				9FC596AA1F9CE7130001BAA5 /* Assets.xcassets */,
				9FC596AC1F9CE7130001BAA5 /* LaunchScreen.storyboard */,
				9FC596AF1F9CE7130001BAA5 /* Info.plist */,
			);
			path = TheBeerApp;
			sourceTree = "<group>";
		};
/* End PBXGroup section */

/* Begin PBXNativeTarget section */
		9FC5969F1F9CE7130001BAA5 /* TheBeerApp */ = {
			isa = PBXNativeTarget;
			buildConfigurationList = 9FC596B21F9CE7130001BAA5 /* Build configuration list for PBXNativeTarget "TheBeerApp" */;
			buildPhases = (
				4F61EB96389D7E062704BDB9 /* [CP] Check Pods Manifest.lock */,
				9FC5969C1F9CE7130001BAA5 /* Sources */,
				9FC5969D1F9CE7130001BAA5 /* Frameworks */,
				9FC5969E1F9CE7130001BAA5 /* Resources */,
				9F15477D8F624CC0C5EB8862 /* [CP] Embed Pods Frameworks */,
				EA8D11175C94A0E5C36C0264 /* [CP] Copy Pods Resources */,
			);
			buildRules = (
			);
			dependencies = (
			);
			name = TheBeerApp;
			productName = TheBeerApp;
			productReference = 9FC596A01F9CE7130001BAA5 /* TheBeerApp.app */;
			productType = "com.apple.product-type.application";
		};
/* End PBXNativeTarget section */

/* Begin PBXProject section */
		9FC596981F9CE7130001BAA5 /* Project object */ = {
			isa = PBXProject;
			attributes = {
				LastSwiftUpdateCheck = 0900;
				LastUpgradeCheck = 0900;
				ORGANIZATIONNAME = "Florin Uscatu";
				TargetAttributes = {
					9FC5969F1F9CE7130001BAA5 = {
						CreatedOnToolsVersion = 9.0;
						ProvisioningStyle = Automatic;
					};
				};
			};
			buildConfigurationList = 9FC5969B1F9CE7130001BAA5 /* Build configuration list for PBXProject "TheBeerApp" */;
			compatibilityVersion = "Xcode 8.0";
			developmentRegion = en;
			hasScannedForEncodings = 0;
			knownRegions = (
				en,
				Base,
			);
			mainGroup = 9FC596971F9CE7130001BAA5;
			productRefGroup = 9FC596A11F9CE7130001BAA5 /* Products */;
			projectDirPath = "";
			projectRoot = "";
			targets = (
				9FC5969F1F9CE7130001BAA5 /* TheBeerApp */,
			);
		};
/* End PBXProject section */

/* Begin PBXResourcesBuildPhase section */
		9FC5969E1F9CE7130001BAA5 /* Resources */ = {
			isa = PBXResourcesBuildPhase;
			buildActionMask = 2147483647;
			files = (
				9FC596AE1F9CE7130001BAA5 /* LaunchScreen.storyboard in Resources */,
				9FC596AB1F9CE7130001BAA5 /* Assets.xcassets in Resources */,
				9FC596A91F9CE7130001BAA5 /* Main.storyboard in Resources */,
			);
			runOnlyForDeploymentPostprocessing = 0;
		};
/* End PBXResourcesBuildPhase section */

/* Begin PBXShellScriptBuildPhase section */
		4F61EB96389D7E062704BDB9 /* [CP] Check Pods Manifest.lock */ = {
			isa = PBXShellScriptBuildPhase;
			buildActionMask = 2147483647;
			files = (
			);
			inputPaths = (
				"${PODS_PODFILE_DIR_PATH}/Podfile.lock",
				"${PODS_ROOT}/Manifest.lock",
			);
			name = "[CP] Check Pods Manifest.lock";
			outputPaths = (
				"$(DERIVED_FILE_DIR)/Pods-TheBeerApp-checkManifestLockResult.txt",
			);
			runOnlyForDeploymentPostprocessing = 0;
			shellPath = /bin/sh;
			shellScript = "diff \"${PODS_PODFILE_DIR_PATH}/Podfile.lock\" \"${PODS_ROOT}/Manifest.lock\" > /dev/null\nif [ $? != 0 ] ; then\n    # print error to STDERR\n    echo \"error: The sandbox is not in sync with the Podfile.lock. Run 'pod install' or update your CocoaPods installation.\" >&2\n    exit 1\nfi\n# This output is used by Xcode 'outputs' to avoid re-running this script phase.\necho \"SUCCESS\" > \"${SCRIPT_OUTPUT_FILE_0}\"\n";
			showEnvVarsInLog = 0;
		};
		9F15477D8F624CC0C5EB8862 /* [CP] Embed Pods Frameworks */ = {
			isa = PBXShellScriptBuildPhase;
			buildActionMask = 2147483647;
			files = (
			);
			inputPaths = (
				"${SRCROOT}/Pods/Target Support Files/Pods-TheBeerApp/Pods-TheBeerApp-frameworks.sh",
				"${BUILT_PRODUCTS_DIR}/DeckTransition/DeckTransition.framework",
			);
			name = "[CP] Embed Pods Frameworks";
			outputPaths = (
				"${TARGET_BUILD_DIR}/${FRAMEWORKS_FOLDER_PATH}/DeckTransition.framework",
			);
			runOnlyForDeploymentPostprocessing = 0;
			shellPath = /bin/sh;
			shellScript = "\"${SRCROOT}/Pods/Target Support Files/Pods-TheBeerApp/Pods-TheBeerApp-frameworks.sh\"\n";
			showEnvVarsInLog = 0;
		};
		EA8D11175C94A0E5C36C0264 /* [CP] Copy Pods Resources */ = {
			isa = PBXShellScriptBuildPhase;
			buildActionMask = 2147483647;
			files = (
			);
			inputPaths = (
			);
			name = "[CP] Copy Pods Resources";
			outputPaths = (
			);
			runOnlyForDeploymentPostprocessing = 0;
			shellPath = /bin/sh;
			shellScript = "\"${SRCROOT}/Pods/Target Support Files/Pods-TheBeerApp/Pods-TheBeerApp-resources.sh\"\n";
			showEnvVarsInLog = 0;
		};
/* End PBXShellScriptBuildPhase section */

/* Begin PBXSourcesBuildPhase section */
		9FC5969C1F9CE7130001BAA5 /* Sources */ = {
			isa = PBXSourcesBuildPhase;
			buildActionMask = 2147483647;
			files = (
				9F2D670B1F9DC8680049A097 /* StyleDetailViewController.swift in Sources */,
				9FC596A61F9CE7130001BAA5 /* StylesViewController.swift in Sources */,
				9F1C703B1FA07622006DFEC7 /* BeerProfile.swift in Sources */,
				9FC596A41F9CE7130001BAA5 /* AppDelegate.swift in Sources */,
				9F3BCB611F9F925400125D76 /* LocationSearchTable.swift in Sources */,
				9FC596B81F9D0D020001BAA5 /* Utilities.swift in Sources */,
				9FC596B61F9D08E00001BAA5 /* StyleCell.swift in Sources */,
				9F292F541F9F105A00AAFC8C /* BreweryViewController.swift in Sources */,
				9F1C70391F9FB32A006DFEC7 /* BeerList.swift in Sources */,
				9F2D670D1F9E1DB00049A097 /* BreweriesViewController.swift in Sources */,
				9F292F521F9F0FB400AAFC8C /* Models.swift in Sources */,
			);
			runOnlyForDeploymentPostprocessing = 0;
		};
/* End PBXSourcesBuildPhase section */

/* Begin PBXVariantGroup section */
		9FC596A71F9CE7130001BAA5 /* Main.storyboard */ = {
			isa = PBXVariantGroup;
			children = (
				9FC596A81F9CE7130001BAA5 /* Base */,
			);
			name = Main.storyboard;
			sourceTree = "<group>";
		};
		9FC596AC1F9CE7130001BAA5 /* LaunchScreen.storyboard */ = {
			isa = PBXVariantGroup;
			children = (
				9FC596AD1F9CE7130001BAA5 /* Base */,
			);
			name = LaunchScreen.storyboard;
			sourceTree = "<group>";
		};
/* End PBXVariantGroup section */

/* Begin XCBuildConfiguration section */
		9FC596B01F9CE7130001BAA5 /* Debug */ = {
			isa = XCBuildConfiguration;
			buildSettings = {
				ALWAYS_SEARCH_USER_PATHS = NO;
				CLANG_ANALYZER_NONNULL = YES;
				CLANG_ANALYZER_NUMBER_OBJECT_CONVERSION = YES_AGGRESSIVE;
				CLANG_CXX_LANGUAGE_STANDARD = "gnu++14";
				CLANG_CXX_LIBRARY = "libc++";
				CLANG_ENABLE_MODULES = YES;
				CLANG_ENABLE_OBJC_ARC = YES;
				CLANG_WARN_BLOCK_CAPTURE_AUTORELEASING = YES;
				CLANG_WARN_BOOL_CONVERSION = YES;
				CLANG_WARN_COMMA = YES;
				CLANG_WARN_CONSTANT_CONVERSION = YES;
				CLANG_WARN_DIRECT_OBJC_ISA_USAGE = YES_ERROR;
				CLANG_WARN_DOCUMENTATION_COMMENTS = YES;
				CLANG_WARN_EMPTY_BODY = YES;
				CLANG_WARN_ENUM_CONVERSION = YES;
				CLANG_WARN_INFINITE_RECURSION = YES;
				CLANG_WARN_INT_CONVERSION = YES;
				CLANG_WARN_NON_LITERAL_NULL_CONVERSION = YES;
				CLANG_WARN_OBJC_LITERAL_CONVERSION = YES;
				CLANG_WARN_OBJC_ROOT_CLASS = YES_ERROR;
				CLANG_WARN_RANGE_LOOP_ANALYSIS = YES;
				CLANG_WARN_STRICT_PROTOTYPES = YES;
				CLANG_WARN_SUSPICIOUS_MOVE = YES;
				CLANG_WARN_UNGUARDED_AVAILABILITY = YES_AGGRESSIVE;
				CLANG_WARN_UNREACHABLE_CODE = YES;
				CLANG_WARN__DUPLICATE_METHOD_MATCH = YES;
				CODE_SIGN_IDENTITY = "iPhone Developer";
				COPY_PHASE_STRIP = NO;
				DEBUG_INFORMATION_FORMAT = dwarf;
				ENABLE_STRICT_OBJC_MSGSEND = YES;
				ENABLE_TESTABILITY = YES;
				GCC_C_LANGUAGE_STANDARD = gnu11;
				GCC_DYNAMIC_NO_PIC = NO;
				GCC_NO_COMMON_BLOCKS = YES;
				GCC_OPTIMIZATION_LEVEL = 0;
				GCC_PREPROCESSOR_DEFINITIONS = (
					"DEBUG=1",
					"$(inherited)",
				);
				GCC_WARN_64_TO_32_BIT_CONVERSION = YES;
				GCC_WARN_ABOUT_RETURN_TYPE = YES_ERROR;
				GCC_WARN_UNDECLARED_SELECTOR = YES;
				GCC_WARN_UNINITIALIZED_AUTOS = YES_AGGRESSIVE;
				GCC_WARN_UNUSED_FUNCTION = YES;
				GCC_WARN_UNUSED_VARIABLE = YES;
				IPHONEOS_DEPLOYMENT_TARGET = 11.0;
				MTL_ENABLE_DEBUG_INFO = YES;
				ONLY_ACTIVE_ARCH = YES;
				SDKROOT = iphoneos;
				SWIFT_ACTIVE_COMPILATION_CONDITIONS = DEBUG;
				SWIFT_OPTIMIZATION_LEVEL = "-Onone";
			};
			name = Debug;
		};
		9FC596B11F9CE7130001BAA5 /* Release */ = {
			isa = XCBuildConfiguration;
			buildSettings = {
				ALWAYS_SEARCH_USER_PATHS = NO;
				CLANG_ANALYZER_NONNULL = YES;
				CLANG_ANALYZER_NUMBER_OBJECT_CONVERSION = YES_AGGRESSIVE;
				CLANG_CXX_LANGUAGE_STANDARD = "gnu++14";
				CLANG_CXX_LIBRARY = "libc++";
				CLANG_ENABLE_MODULES = YES;
				CLANG_ENABLE_OBJC_ARC = YES;
				CLANG_WARN_BLOCK_CAPTURE_AUTORELEASING = YES;
				CLANG_WARN_BOOL_CONVERSION = YES;
				CLANG_WARN_COMMA = YES;
				CLANG_WARN_CONSTANT_CONVERSION = YES;
				CLANG_WARN_DIRECT_OBJC_ISA_USAGE = YES_ERROR;
				CLANG_WARN_DOCUMENTATION_COMMENTS = YES;
				CLANG_WARN_EMPTY_BODY = YES;
				CLANG_WARN_ENUM_CONVERSION = YES;
				CLANG_WARN_INFINITE_RECURSION = YES;
				CLANG_WARN_INT_CONVERSION = YES;
				CLANG_WARN_NON_LITERAL_NULL_CONVERSION = YES;
				CLANG_WARN_OBJC_LITERAL_CONVERSION = YES;
				CLANG_WARN_OBJC_ROOT_CLASS = YES_ERROR;
				CLANG_WARN_RANGE_LOOP_ANALYSIS = YES;
				CLANG_WARN_STRICT_PROTOTYPES = YES;
				CLANG_WARN_SUSPICIOUS_MOVE = YES;
				CLANG_WARN_UNGUARDED_AVAILABILITY = YES_AGGRESSIVE;
				CLANG_WARN_UNREACHABLE_CODE = YES;
				CLANG_WARN__DUPLICATE_METHOD_MATCH = YES;
				CODE_SIGN_IDENTITY = "iPhone Developer";
				COPY_PHASE_STRIP = NO;
				DEBUG_INFORMATION_FORMAT = "dwarf-with-dsym";
				ENABLE_NS_ASSERTIONS = NO;
				ENABLE_STRICT_OBJC_MSGSEND = YES;
				GCC_C_LANGUAGE_STANDARD = gnu11;
				GCC_NO_COMMON_BLOCKS = YES;
				GCC_WARN_64_TO_32_BIT_CONVERSION = YES;
				GCC_WARN_ABOUT_RETURN_TYPE = YES_ERROR;
				GCC_WARN_UNDECLARED_SELECTOR = YES;
				GCC_WARN_UNINITIALIZED_AUTOS = YES_AGGRESSIVE;
				GCC_WARN_UNUSED_FUNCTION = YES;
				GCC_WARN_UNUSED_VARIABLE = YES;
				IPHONEOS_DEPLOYMENT_TARGET = 11.0;
				MTL_ENABLE_DEBUG_INFO = NO;
				SDKROOT = iphoneos;
				SWIFT_OPTIMIZATION_LEVEL = "-Owholemodule";
				VALIDATE_PRODUCT = YES;
			};
			name = Release;
		};
		9FC596B31F9CE7130001BAA5 /* Debug */ = {
			isa = XCBuildConfiguration;
			baseConfigurationReference = A5E3332FE8497CFADF638505 /* Pods-TheBeerApp.debug.xcconfig */;
			buildSettings = {
				ASSETCATALOG_COMPILER_APPICON_NAME = AppIcon;
				CODE_SIGN_STYLE = Automatic;
				DEVELOPMENT_TEAM = 8CEQW7LX82;
				INFOPLIST_FILE = TheBeerApp/Info.plist;
				LD_RUNPATH_SEARCH_PATHS = "$(inherited) @executable_path/Frameworks";
				PRODUCT_BUNDLE_IDENTIFIER = approcket.TheBeerApp;
				PRODUCT_NAME = "$(TARGET_NAME)";
				SWIFT_VERSION = 4.0;
				TARGETED_DEVICE_FAMILY = "1,2";
			};
			name = Debug;
		};
		9FC596B41F9CE7130001BAA5 /* Release */ = {
			isa = XCBuildConfiguration;
			baseConfigurationReference = 166575D04F8637BF00861A02 /* Pods-TheBeerApp.release.xcconfig */;
			buildSettings = {
				ASSETCATALOG_COMPILER_APPICON_NAME = AppIcon;
				CODE_SIGN_STYLE = Automatic;
				DEVELOPMENT_TEAM = 8CEQW7LX82;
				INFOPLIST_FILE = TheBeerApp/Info.plist;
				LD_RUNPATH_SEARCH_PATHS = "$(inherited) @executable_path/Frameworks";
				PRODUCT_BUNDLE_IDENTIFIER = approcket.TheBeerApp;
				PRODUCT_NAME = "$(TARGET_NAME)";
				SWIFT_VERSION = 4.0;
				TARGETED_DEVICE_FAMILY = "1,2";
			};
			name = Release;
		};
/* End XCBuildConfiguration section */

/* Begin XCConfigurationList section */
		9FC5969B1F9CE7130001BAA5 /* Build configuration list for PBXProject "TheBeerApp" */ = {
			isa = XCConfigurationList;
			buildConfigurations = (
				9FC596B01F9CE7130001BAA5 /* Debug */,
				9FC596B11F9CE7130001BAA5 /* Release */,
			);
			defaultConfigurationIsVisible = 0;
			defaultConfigurationName = Release;
		};
		9FC596B21F9CE7130001BAA5 /* Build configuration list for PBXNativeTarget "TheBeerApp" */ = {
			isa = XCConfigurationList;
			buildConfigurations = (
				9FC596B31F9CE7130001BAA5 /* Debug */,
				9FC596B41F9CE7130001BAA5 /* Release */,
			);
			defaultConfigurationIsVisible = 0;
			defaultConfigurationName = Release;
		};
/* End XCConfigurationList section */
	};
	rootObject = 9FC596981F9CE7130001BAA5 /* Project object */;
}
